
Microsoft Visual Studio Solution File, Format Version 12.00
# Visual Studio 14
VisualStudioVersion = 14.0.24720.0
MinimumVisualStudioVersion = 10.0.40219.1
Project("{FAE04EC0-301F-11D3-BF4B-00C04F79EFBC}") = "AppDomainTest", "AppDomainTest\AppDomainTest.csproj", "{71FBCACE-4624-4F12-A11D-970363ADB22E}"
EndProject
Project("{FAE04EC0-301F-11D3-BF4B-00C04F79EFBC}") = "AppDomainTestInterfaces", "AppDomainTestInterfaces\AppDomainTestInterfaces.csproj", "{5292B860-70D2-4175-993D-1CF30328643A}"
EndProject
Project("{FAE04EC0-301F-11D3-BF4B-00C04F79EFBC}") = "AppDomainTest.PartOne", "AppDomainTest.PartOne\AppDomainTest.PartOne.csproj", "{DF9695FB-CF92-41E0-B8E3-329E0A2C4AD9}"
EndProject
Project("{FAE04EC0-301F-11D3-BF4B-00C04F79EFBC}") = "AppDomainTest.PartTwo", "AppDomainTest.PartTwo\AppDomainTest.PartTwo.csproj", "{0C3A3D89-5C00-4654-A610-993233E3F707}"
EndProject
Project("{FAE04EC0-301F-11D3-BF4B-00C04F79EFBC}") = "AppDomainTestRunner", "AppDomainTestRunner\AppDomainTestRunner.csproj", "{8DCC73D7-90E6-4343-A7EF-27CB6600501E}"
EndProject
Global
	GlobalSection(SolutionConfigurationPlatforms) = preSolution
		Debug|Any CPU = Debug|Any CPU
		Release|Any CPU = Release|Any CPU
	EndGlobalSection
	GlobalSection(ProjectConfigurationPlatforms) = postSolution
		{71FBCACE-4624-4F12-A11D-970363ADB22E}.Debug|Any CPU.ActiveCfg = Debug|Any CPU
		{71FBCACE-4624-4F12-A11D-970363ADB22E}.Debug|Any CPU.Build.0 = Debug|Any CPU
		{71FBCACE-4624-4F12-A11D-970363ADB22E}.Release|Any CPU.ActiveCfg = Release|Any CPU
		{71FBCACE-4624-4F12-A11D-970363ADB22E}.Release|Any CPU.Build.0 = Release|Any CPU
		{5292B860-70D2-4175-993D-1CF30328643A}.Debug|Any CPU.ActiveCfg = Debug|Any CPU
		{5292B860-70D2-4175-993D-1CF30328643A}.Debug|Any CPU.Build.0 = Debug|Any CPU
		{5292B860-70D2-4175-993D-1CF30328643A}.Release|Any CPU.ActiveCfg = Release|Any CPU
		{5292B860-70D2-4175-993D-1CF30328643A}.Release|Any CPU.Build.0 = Release|Any CPU
		{DF9695FB-CF92-41E0-B8E3-329E0A2C4AD9}.Debug|Any CPU.ActiveCfg = Debug|Any CPU
		{DF9695FB-CF92-41E0-B8E3-329E0A2C4AD9}.Debug|Any CPU.Build.0 = Debug|Any CPU
		{DF9695FB-CF92-41E0-B8E3-329E0A2C4AD9}.Release|Any CPU.ActiveCfg = Release|Any CPU
		{DF9695FB-CF92-41E0-B8E3-329E0A2C4AD9}.Release|Any CPU.Build.0 = Release|Any CPU
		{0C3A3D89-5C00-4654-A610-993233E3F707}.Debug|Any CPU.ActiveCfg = Debug|Any CPU
		{0C3A3D89-5C00-4654-A610-993233E3F707}.Debug|Any CPU.Build.0 = Debug|Any CPU
		{0C3A3D89-5C00-4654-A610-993233E3F707}.Release|Any CPU.ActiveCfg = Release|Any CPU
		{0C3A3D89-5C00-4654-A610-993233E3F707}.Release|Any CPU.Build.0 = Release|Any CPU
		{8DCC73D7-90E6-4343-A7EF-27CB6600501E}.Debug|Any CPU.ActiveCfg = Debug|Any CPU
		{8DCC73D7-90E6-4343-A7EF-27CB6600501E}.Debug|Any CPU.Build.0 = Debug|Any CPU
		{8DCC73D7-90E6-4343-A7EF-27CB6600501E}.Release|Any CPU.ActiveCfg = Release|Any CPU
		{8DCC73D7-90E6-4343-A7EF-27CB6600501E}.Release|Any CPU.Build.0 = Release|Any CPU
	EndGlobalSection
	GlobalSection(SolutionProperties) = preSolution
		HideSolutionNode = FALSE
	EndGlobalSection
EndGlobal
