
Microsoft Visual Studio Solution File, Format Version 12.00
# Visual Studio 2013
VisualStudioVersion = 12.0.31101.0
MinimumVisualStudioVersion = 10.0.40219.1
Project("{FAE04EC0-301F-11D3-BF4B-00C04F79EFBC}") = "McDonald", "McDonald\McDonald.csproj", "{49B16ACE-FD00-4FB3-9160-985AD7956594}"
EndProject
Project("{FAE04EC0-301F-11D3-BF4B-00C04F79EFBC}") = "SingletonApplication", "SingletonApplication\SingletonApplication.csproj", "{C010ED70-506D-4009-9846-7B12036314F6}"
EndProject
Project("{FAE04EC0-301F-11D3-BF4B-00C04F79EFBC}") = "SharedResources", "SharedResources\SharedResources.csproj", "{12714D3A-0A9A-4EDA-B385-12653C5C503C}"
EndProject
Project("{FAE04EC0-301F-11D3-BF4B-00C04F79EFBC}") = "CustomBehaviors", "CustomBehaviors\CustomBehaviors.csproj", "{19CD7D15-7A2A-46BC-972F-4DDECDDFD60F}"
EndProject
Global
	GlobalSection(SolutionConfigurationPlatforms) = preSolution
		Debug|Any CPU = Debug|Any CPU
		Release|Any CPU = Release|Any CPU
	EndGlobalSection
	GlobalSection(ProjectConfigurationPlatforms) = postSolution
		{49B16ACE-FD00-4FB3-9160-985AD7956594}.Debug|Any CPU.ActiveCfg = Debug|Any CPU
		{49B16ACE-FD00-4FB3-9160-985AD7956594}.Debug|Any CPU.Build.0 = Debug|Any CPU
		{49B16ACE-FD00-4FB3-9160-985AD7956594}.Release|Any CPU.ActiveCfg = Release|Any CPU
		{49B16ACE-FD00-4FB3-9160-985AD7956594}.Release|Any CPU.Build.0 = Release|Any CPU
		{C010ED70-506D-4009-9846-7B12036314F6}.Debug|Any CPU.ActiveCfg = Debug|Any CPU
		{C010ED70-506D-4009-9846-7B12036314F6}.Debug|Any CPU.Build.0 = Debug|Any CPU
		{C010ED70-506D-4009-9846-7B12036314F6}.Release|Any CPU.ActiveCfg = Release|Any CPU
		{C010ED70-506D-4009-9846-7B12036314F6}.Release|Any CPU.Build.0 = Release|Any CPU
		{12714D3A-0A9A-4EDA-B385-12653C5C503C}.Debug|Any CPU.ActiveCfg = Debug|Any CPU
		{12714D3A-0A9A-4EDA-B385-12653C5C503C}.Debug|Any CPU.Build.0 = Debug|Any CPU
		{12714D3A-0A9A-4EDA-B385-12653C5C503C}.Release|Any CPU.ActiveCfg = Release|Any CPU
		{12714D3A-0A9A-4EDA-B385-12653C5C503C}.Release|Any CPU.Build.0 = Release|Any CPU
		{19CD7D15-7A2A-46BC-972F-4DDECDDFD60F}.Debug|Any CPU.ActiveCfg = Debug|Any CPU
		{19CD7D15-7A2A-46BC-972F-4DDECDDFD60F}.Debug|Any CPU.Build.0 = Debug|Any CPU
		{19CD7D15-7A2A-46BC-972F-4DDECDDFD60F}.Release|Any CPU.ActiveCfg = Release|Any CPU
		{19CD7D15-7A2A-46BC-972F-4DDECDDFD60F}.Release|Any CPU.Build.0 = Release|Any CPU
	EndGlobalSection
	GlobalSection(SolutionProperties) = preSolution
		HideSolutionNode = FALSE
	EndGlobalSection
EndGlobal
