
Microsoft Visual Studio Solution File, Format Version 12.00
# Visual Studio 14
VisualStudioVersion = 14.0.24720.0
MinimumVisualStudioVersion = 10.0.40219.1
Project("{FAE04EC0-301F-11D3-BF4B-00C04F79EFBC}") = "wixsh", "wixsh.csproj", "{35043C33-BCDF-4D6B-B2D0-0A7A7EB9A958}"
EndProject
Project("{FAE04EC0-301F-11D3-BF4B-00C04F79EFBC}") = "Setup", "..\Setup\Setup.csproj", "{334B856E-86D1-4E48-B99C-0C7F3397E4BC}"
EndProject
Global
	GlobalSection(SolutionConfigurationPlatforms) = preSolution
		Debug|Any CPU = Debug|Any CPU
		Release|Any CPU = Release|Any CPU
	EndGlobalSection
	GlobalSection(ProjectConfigurationPlatforms) = postSolution
		{35043C33-BCDF-4D6B-B2D0-0A7A7EB9A958}.Debug|Any CPU.ActiveCfg = Debug|Any CPU
		{35043C33-BCDF-4D6B-B2D0-0A7A7EB9A958}.Debug|Any CPU.Build.0 = Debug|Any CPU
		{35043C33-BCDF-4D6B-B2D0-0A7A7EB9A958}.Release|Any CPU.ActiveCfg = Release|Any CPU
		{35043C33-BCDF-4D6B-B2D0-0A7A7EB9A958}.Release|Any CPU.Build.0 = Release|Any CPU
		{334B856E-86D1-4E48-B99C-0C7F3397E4BC}.Debug|Any CPU.ActiveCfg = Debug|Any CPU
		{334B856E-86D1-4E48-B99C-0C7F3397E4BC}.Debug|Any CPU.Build.0 = Debug|Any CPU
		{334B856E-86D1-4E48-B99C-0C7F3397E4BC}.Release|Any CPU.ActiveCfg = Release|Any CPU
		{334B856E-86D1-4E48-B99C-0C7F3397E4BC}.Release|Any CPU.Build.0 = Release|Any CPU
	EndGlobalSection
	GlobalSection(SolutionProperties) = preSolution
		HideSolutionNode = FALSE
	EndGlobalSection
EndGlobal
