
Microsoft Visual Studio Solution File, Format Version 12.00
# Visual Studio 2013
VisualStudioVersion = 12.0.21005.1
MinimumVisualStudioVersion = 10.0.40219.1
Project("{FAE04EC0-301F-11D3-BF4B-00C04F79EFBC}") = "generic", "generic.csproj", "{BA181B16-1E8B-4ECA-B0F8-8EF140CD2515}"
EndProject
Project("{FAE04EC0-301F-11D3-BF4B-00C04F79EFBC}") = "genericDelegate", "..\genericDelegate\genericDelegate.csproj", "{5BD28223-ABA3-4DBF-B3A6-6682506D2FF9}"
EndProject
Global
	GlobalSection(SolutionConfigurationPlatforms) = preSolution
		Debug|Any CPU = Debug|Any CPU
		Release|Any CPU = Release|Any CPU
	EndGlobalSection
	GlobalSection(ProjectConfigurationPlatforms) = postSolution
		{BA181B16-1E8B-4ECA-B0F8-8EF140CD2515}.Debug|Any CPU.ActiveCfg = Debug|Any CPU
		{BA181B16-1E8B-4ECA-B0F8-8EF140CD2515}.Debug|Any CPU.Build.0 = Debug|Any CPU
		{BA181B16-1E8B-4ECA-B0F8-8EF140CD2515}.Release|Any CPU.ActiveCfg = Release|Any CPU
		{BA181B16-1E8B-4ECA-B0F8-8EF140CD2515}.Release|Any CPU.Build.0 = Release|Any CPU
		{5BD28223-ABA3-4DBF-B3A6-6682506D2FF9}.Debug|Any CPU.ActiveCfg = Debug|Any CPU
		{5BD28223-ABA3-4DBF-B3A6-6682506D2FF9}.Debug|Any CPU.Build.0 = Debug|Any CPU
		{5BD28223-ABA3-4DBF-B3A6-6682506D2FF9}.Release|Any CPU.ActiveCfg = Release|Any CPU
		{5BD28223-ABA3-4DBF-B3A6-6682506D2FF9}.Release|Any CPU.Build.0 = Release|Any CPU
	EndGlobalSection
	GlobalSection(SolutionProperties) = preSolution
		HideSolutionNode = FALSE
	EndGlobalSection
EndGlobal
